
Microsoft Visual Studio Solution File, Format Version 12.00
# Visual Studio Version 16
VisualStudioVersion = 16.0.29609.76
MinimumVisualStudioVersion = 10.0.40219.1
Project("{FAE04EC0-301F-11D3-BF4B-00C04F79EFBC}") = "Contactos-WindowsForm", "Contactos-WindowsForm.csproj", "{CB490F45-A79B-4873-A4BA-E319B98ED2E4}"
EndProject
Project("{FAE04EC0-301F-11D3-BF4B-00C04F79EFBC}") = "Logica", "..\Logica\Logica.csproj", "{20D4B7A9-9D79-4DFB-92F2-F52F892E6B8C}"
EndProject
Global
	GlobalSection(SolutionConfigurationPlatforms) = preSolution
		Debug|Any CPU = Debug|Any CPU
		Release|Any CPU = Release|Any CPU
	EndGlobalSection
	GlobalSection(ProjectConfigurationPlatforms) = postSolution
		{CB490F45-A79B-4873-A4BA-E319B98ED2E4}.Debug|Any CPU.ActiveCfg = Debug|Any CPU
		{CB490F45-A79B-4873-A4BA-E319B98ED2E4}.Debug|Any CPU.Build.0 = Debug|Any CPU
		{CB490F45-A79B-4873-A4BA-E319B98ED2E4}.Release|Any CPU.ActiveCfg = Release|Any CPU
		{CB490F45-A79B-4873-A4BA-E319B98ED2E4}.Release|Any CPU.Build.0 = Release|Any CPU
		{20D4B7A9-9D79-4DFB-92F2-F52F892E6B8C}.Debug|Any CPU.ActiveCfg = Debug|Any CPU
		{20D4B7A9-9D79-4DFB-92F2-F52F892E6B8C}.Debug|Any CPU.Build.0 = Debug|Any CPU
		{20D4B7A9-9D79-4DFB-92F2-F52F892E6B8C}.Release|Any CPU.ActiveCfg = Release|Any CPU
		{20D4B7A9-9D79-4DFB-92F2-F52F892E6B8C}.Release|Any CPU.Build.0 = Release|Any CPU
	EndGlobalSection
	GlobalSection(SolutionProperties) = preSolution
		HideSolutionNode = FALSE
	EndGlobalSection
	GlobalSection(ExtensibilityGlobals) = postSolution
		SolutionGuid = {79B5FFCC-25AB-4373-A8CA-ED4D4759A767}
	EndGlobalSection
EndGlobal
