
Microsoft Visual Studio Solution File, Format Version 12.00
# Visual Studio Version 16
VisualStudioVersion = 16.0.29609.76
MinimumVisualStudioVersion = 10.0.40219.1
Project("{FAE04EC0-301F-11D3-BF4B-00C04F79EFBC}") = "CapaNegocio", "CapaNegocio\CapaNegocio.csproj", "{59CA7713-4165-4E7B-9796-0F4F6CC53772}"
EndProject
Project("{FAE04EC0-301F-11D3-BF4B-00C04F79EFBC}") = "CapaUI", "CapaUI\CapaUI.csproj", "{29CAB285-A98A-4CD2-8335-296DA73EFD9D}"
EndProject
Global
	GlobalSection(SolutionConfigurationPlatforms) = preSolution
		Debug|Any CPU = Debug|Any CPU
		Release|Any CPU = Release|Any CPU
	EndGlobalSection
	GlobalSection(ProjectConfigurationPlatforms) = postSolution
		{59CA7713-4165-4E7B-9796-0F4F6CC53772}.Debug|Any CPU.ActiveCfg = Debug|Any CPU
		{59CA7713-4165-4E7B-9796-0F4F6CC53772}.Debug|Any CPU.Build.0 = Debug|Any CPU
		{59CA7713-4165-4E7B-9796-0F4F6CC53772}.Release|Any CPU.ActiveCfg = Release|Any CPU
		{59CA7713-4165-4E7B-9796-0F4F6CC53772}.Release|Any CPU.Build.0 = Release|Any CPU
		{29CAB285-A98A-4CD2-8335-296DA73EFD9D}.Debug|Any CPU.ActiveCfg = Debug|Any CPU
		{29CAB285-A98A-4CD2-8335-296DA73EFD9D}.Debug|Any CPU.Build.0 = Debug|Any CPU
		{29CAB285-A98A-4CD2-8335-296DA73EFD9D}.Release|Any CPU.ActiveCfg = Release|Any CPU
		{29CAB285-A98A-4CD2-8335-296DA73EFD9D}.Release|Any CPU.Build.0 = Release|Any CPU
	EndGlobalSection
	GlobalSection(SolutionProperties) = preSolution
		HideSolutionNode = FALSE
	EndGlobalSection
	GlobalSection(ExtensibilityGlobals) = postSolution
		SolutionGuid = {5E225BBF-574C-4A58-B8F8-4985289E2357}
	EndGlobalSection
EndGlobal
